
Microsoft Visual Studio Solution File, Format Version 12.00
# Visual Studio Version 16
VisualStudioVersion = 16.0.31321.278
MinimumVisualStudioVersion = 10.0.40219.1
Project("{FAE04EC0-301F-11D3-BF4B-00C04F79EFBC}") = "SimpleCRM", "SimpleCRM\SimpleCRM.csproj", "{24F4C938-1A11-4C43-97E2-B223550524FB}"
EndProject
Project("{FAE04EC0-301F-11D3-BF4B-00C04F79EFBC}") = "SimpleCRM.DAL", "SimpleCRM.DAL\SimpleCRM.DAL.csproj", "{463F8F11-B64D-4E28-9B3A-06E1659F2E74}"
EndProject
Global
	GlobalSection(SolutionConfigurationPlatforms) = preSolution
		Debug|Any CPU = Debug|Any CPU
		Release|Any CPU = Release|Any CPU
	EndGlobalSection
	GlobalSection(ProjectConfigurationPlatforms) = postSolution
		{24F4C938-1A11-4C43-97E2-B223550524FB}.Debug|Any CPU.ActiveCfg = Debug|Any CPU
		{24F4C938-1A11-4C43-97E2-B223550524FB}.Debug|Any CPU.Build.0 = Debug|Any CPU
		{24F4C938-1A11-4C43-97E2-B223550524FB}.Release|Any CPU.ActiveCfg = Release|Any CPU
		{24F4C938-1A11-4C43-97E2-B223550524FB}.Release|Any CPU.Build.0 = Release|Any CPU
		{463F8F11-B64D-4E28-9B3A-06E1659F2E74}.Debug|Any CPU.ActiveCfg = Debug|Any CPU
		{463F8F11-B64D-4E28-9B3A-06E1659F2E74}.Debug|Any CPU.Build.0 = Debug|Any CPU
		{463F8F11-B64D-4E28-9B3A-06E1659F2E74}.Release|Any CPU.ActiveCfg = Release|Any CPU
		{463F8F11-B64D-4E28-9B3A-06E1659F2E74}.Release|Any CPU.Build.0 = Release|Any CPU
	EndGlobalSection
	GlobalSection(SolutionProperties) = preSolution
		HideSolutionNode = FALSE
	EndGlobalSection
	GlobalSection(ExtensibilityGlobals) = postSolution
		SolutionGuid = {B5287DCB-BCB0-48FA-89EA-7FFAA54A900A}
	EndGlobalSection
EndGlobal
